
Microsoft Visual Studio Solution File, Format Version 12.00
# Visual Studio Version 17
VisualStudioVersion = 17.0.31912.275
MinimumVisualStudioVersion = 10.0.40219.1
Project("{9A19103F-16F7-4668-BE54-9A1E7A4F7556}") = "Metalama.Backstage", "Metalama.Backstage\Metalama.Backstage.csproj", "{B49FF95D-E828-4A93-85F7-AFCAF30A5588}"
EndProject
Project("{9A19103F-16F7-4668-BE54-9A1E7A4F7556}") = "Metalama.Backstage.Commands", "Metalama.Backstage.Commands\Metalama.Backstage.Commands.csproj", "{6A7A96ED-555C-4DF4-9C36-7F15E5902D6F}"
EndProject
Project("{2150E333-8FDC-42A3-9474-1A3956D46DE8}") = "Utilities", "Utilities", "{8646425E-F3F1-4741-992D-09F0112F67CD}"
EndProject
Project("{9A19103F-16F7-4668-BE54-9A1E7A4F7556}") = "PostSharp.LicenseKeyReader", "Utilities\PostSharp.LicenseKeyReader\PostSharp.LicenseKeyReader.csproj", "{271AC152-B5E5-417D-9FAF-C095A70A53FA}"
EndProject
Project("{9A19103F-16F7-4668-BE54-9A1E7A4F7556}") = "PostSharp.LicenseKeyGenerator", "Utilities\PostSharp.LicenseKeyGenerator\PostSharp.LicenseKeyGenerator.csproj", "{296E7F83-6009-409E-A53D-06211A20FDC0}"
EndProject
Project("{2150E333-8FDC-42A3-9474-1A3956D46DE8}") = "Tests", "Tests", "{9D6FD712-60EF-4B8A-95EE-0143DF7E4B97}"
EndProject
Project("{9A19103F-16F7-4668-BE54-9A1E7A4F7556}") = "Metalama.Backstage.TestHelpers", "Tests\Metalama.Backstage.TestHelpers\Metalama.Backstage.TestHelpers.csproj", "{35D4322C-116D-461A-9006-B9C838631CAE}"
EndProject
Project("{9A19103F-16F7-4668-BE54-9A1E7A4F7556}") = "Metalama.Backstage.Tests", "Tests\Metalama.Backstage.Tests\Metalama.Backstage.Tests.csproj", "{223E7228-F193-4FAD-A993-76FC800E18E4}"
EndProject
Project("{9A19103F-16F7-4668-BE54-9A1E7A4F7556}") = "Metalama.Backstage.Commands.Tests", "Tests\Metalama.Backstage.Commands.Tests\Metalama.Backstage.Commands.Tests.csproj", "{EDF195AE-53FD-4FD1-B560-688EB0AC548B}"
EndProject
Project("{9A19103F-16F7-4668-BE54-9A1E7A4F7556}") = "Metalama.Backstage.Worker", "Metalama.Backstage.Worker\Metalama.Backstage.Worker.csproj", "{B1D5955D-CB60-4233-8C95-D0CC456C6939}"
EndProject
Project("{FAE04EC0-301F-11D3-BF4B-00C04F79EFBC}") = "Metalama.Backstage.Tool", "Metalama.Backstage.Tool\Metalama.Backstage.Tool.csproj", "{34D564FB-8BDB-4187-8FCD-249C99E70FDA}"
EndProject
Global
	GlobalSection(SolutionConfigurationPlatforms) = preSolution
		Debug|Any CPU = Debug|Any CPU
		Release|Any CPU = Release|Any CPU
	EndGlobalSection
	GlobalSection(ProjectConfigurationPlatforms) = postSolution
		{B49FF95D-E828-4A93-85F7-AFCAF30A5588}.Debug|Any CPU.ActiveCfg = Debug|Any CPU
		{B49FF95D-E828-4A93-85F7-AFCAF30A5588}.Debug|Any CPU.Build.0 = Debug|Any CPU
		{B49FF95D-E828-4A93-85F7-AFCAF30A5588}.Release|Any CPU.ActiveCfg = Release|Any CPU
		{B49FF95D-E828-4A93-85F7-AFCAF30A5588}.Release|Any CPU.Build.0 = Release|Any CPU
		{6A7A96ED-555C-4DF4-9C36-7F15E5902D6F}.Debug|Any CPU.ActiveCfg = Debug|Any CPU
		{6A7A96ED-555C-4DF4-9C36-7F15E5902D6F}.Debug|Any CPU.Build.0 = Debug|Any CPU
		{6A7A96ED-555C-4DF4-9C36-7F15E5902D6F}.Release|Any CPU.ActiveCfg = Release|Any CPU
		{6A7A96ED-555C-4DF4-9C36-7F15E5902D6F}.Release|Any CPU.Build.0 = Release|Any CPU
		{271AC152-B5E5-417D-9FAF-C095A70A53FA}.Debug|Any CPU.ActiveCfg = Debug|Any CPU
		{271AC152-B5E5-417D-9FAF-C095A70A53FA}.Debug|Any CPU.Build.0 = Debug|Any CPU
		{271AC152-B5E5-417D-9FAF-C095A70A53FA}.Release|Any CPU.ActiveCfg = Release|Any CPU
		{271AC152-B5E5-417D-9FAF-C095A70A53FA}.Release|Any CPU.Build.0 = Release|Any CPU
		{296E7F83-6009-409E-A53D-06211A20FDC0}.Debug|Any CPU.ActiveCfg = Debug|Any CPU
		{296E7F83-6009-409E-A53D-06211A20FDC0}.Debug|Any CPU.Build.0 = Debug|Any CPU
		{296E7F83-6009-409E-A53D-06211A20FDC0}.Release|Any CPU.ActiveCfg = Release|Any CPU
		{296E7F83-6009-409E-A53D-06211A20FDC0}.Release|Any CPU.Build.0 = Release|Any CPU
		{35D4322C-116D-461A-9006-B9C838631CAE}.Debug|Any CPU.ActiveCfg = Debug|Any CPU
		{35D4322C-116D-461A-9006-B9C838631CAE}.Debug|Any CPU.Build.0 = Debug|Any CPU
		{35D4322C-116D-461A-9006-B9C838631CAE}.Release|Any CPU.ActiveCfg = Release|Any CPU
		{35D4322C-116D-461A-9006-B9C838631CAE}.Release|Any CPU.Build.0 = Release|Any CPU
		{223E7228-F193-4FAD-A993-76FC800E18E4}.Debug|Any CPU.ActiveCfg = Debug|Any CPU
		{223E7228-F193-4FAD-A993-76FC800E18E4}.Debug|Any CPU.Build.0 = Debug|Any CPU
		{223E7228-F193-4FAD-A993-76FC800E18E4}.Release|Any CPU.ActiveCfg = Release|Any CPU
		{223E7228-F193-4FAD-A993-76FC800E18E4}.Release|Any CPU.Build.0 = Release|Any CPU
		{EDF195AE-53FD-4FD1-B560-688EB0AC548B}.Debug|Any CPU.ActiveCfg = Debug|Any CPU
		{EDF195AE-53FD-4FD1-B560-688EB0AC548B}.Debug|Any CPU.Build.0 = Debug|Any CPU
		{EDF195AE-53FD-4FD1-B560-688EB0AC548B}.Release|Any CPU.ActiveCfg = Release|Any CPU
		{EDF195AE-53FD-4FD1-B560-688EB0AC548B}.Release|Any CPU.Build.0 = Release|Any CPU
		{B1D5955D-CB60-4233-8C95-D0CC456C6939}.Debug|Any CPU.ActiveCfg = Debug|Any CPU
		{B1D5955D-CB60-4233-8C95-D0CC456C6939}.Debug|Any CPU.Build.0 = Debug|Any CPU
		{B1D5955D-CB60-4233-8C95-D0CC456C6939}.Release|Any CPU.ActiveCfg = Release|Any CPU
		{B1D5955D-CB60-4233-8C95-D0CC456C6939}.Release|Any CPU.Build.0 = Release|Any CPU
		{34D564FB-8BDB-4187-8FCD-249C99E70FDA}.Debug|Any CPU.ActiveCfg = Debug|Any CPU
		{34D564FB-8BDB-4187-8FCD-249C99E70FDA}.Debug|Any CPU.Build.0 = Debug|Any CPU
		{34D564FB-8BDB-4187-8FCD-249C99E70FDA}.Release|Any CPU.ActiveCfg = Release|Any CPU
		{34D564FB-8BDB-4187-8FCD-249C99E70FDA}.Release|Any CPU.Build.0 = Release|Any CPU
	EndGlobalSection
	GlobalSection(SolutionProperties) = preSolution
		HideSolutionNode = FALSE
	EndGlobalSection
	GlobalSection(NestedProjects) = preSolution
		{271AC152-B5E5-417D-9FAF-C095A70A53FA} = {8646425E-F3F1-4741-992D-09F0112F67CD}
		{296E7F83-6009-409E-A53D-06211A20FDC0} = {8646425E-F3F1-4741-992D-09F0112F67CD}
		{35D4322C-116D-461A-9006-B9C838631CAE} = {9D6FD712-60EF-4B8A-95EE-0143DF7E4B97}
		{223E7228-F193-4FAD-A993-76FC800E18E4} = {9D6FD712-60EF-4B8A-95EE-0143DF7E4B97}
		{EDF195AE-53FD-4FD1-B560-688EB0AC548B} = {9D6FD712-60EF-4B8A-95EE-0143DF7E4B97}
	EndGlobalSection
	GlobalSection(ExtensibilityGlobals) = postSolution
		SolutionGuid = {8AA8827C-CABA-4539-ABED-306BD5240FE1}
	EndGlobalSection
EndGlobal
