
Microsoft Visual Studio Solution File, Format Version 12.00
# Visual Studio Version 16
VisualStudioVersion = 16.0.31025.194
MinimumVisualStudioVersion = 10.0.40219.1
Project("{9A19103F-16F7-4668-BE54-9A1E7A4F7556}") = "PostSharp.Backstage.Settings", "PostSharp.Backstage.Settings\PostSharp.Backstage.Settings.csproj", "{B49FF95D-E828-4A93-85F7-AFCAF30A5588}"
EndProject
Global
	GlobalSection(SolutionConfigurationPlatforms) = preSolution
		Debug|Any CPU = Debug|Any CPU
		Release|Any CPU = Release|Any CPU
	EndGlobalSection
	GlobalSection(ProjectConfigurationPlatforms) = postSolution
		{B49FF95D-E828-4A93-85F7-AFCAF30A5588}.Debug|Any CPU.ActiveCfg = Debug|Any CPU
		{B49FF95D-E828-4A93-85F7-AFCAF30A5588}.Debug|Any CPU.Build.0 = Debug|Any CPU
		{B49FF95D-E828-4A93-85F7-AFCAF30A5588}.Release|Any CPU.ActiveCfg = Release|Any CPU
		{B49FF95D-E828-4A93-85F7-AFCAF30A5588}.Release|Any CPU.Build.0 = Release|Any CPU
	EndGlobalSection
	GlobalSection(SolutionProperties) = preSolution
		HideSolutionNode = FALSE
	EndGlobalSection
	GlobalSection(ExtensibilityGlobals) = postSolution
		SolutionGuid = {8AA8827C-CABA-4539-ABED-306BD5240FE1}
	EndGlobalSection
EndGlobal
