
Microsoft Visual Studio Solution File, Format Version 12.00
# Visual Studio Version 17
VisualStudioVersion = 17.0.31912.275
MinimumVisualStudioVersion = 10.0.40219.1
Project("{9A19103F-16F7-4668-BE54-9A1E7A4F7556}") = "PostSharp.Backstage.Settings", "PostSharp.Backstage.Settings\PostSharp.Backstage.Settings.csproj", "{B49FF95D-E828-4A93-85F7-AFCAF30A5588}"
EndProject
Project("{9A19103F-16F7-4668-BE54-9A1E7A4F7556}") = "PostSharp.Backstage.Licensing.Tests", "PostSharp.Backstage.Licensing.Tests\PostSharp.Backstage.Licensing.Tests.csproj", "{BFCF5B9E-7F97-4D8B-8905-5EC6E1205F35}"
EndProject
Project("{9A19103F-16F7-4668-BE54-9A1E7A4F7556}") = "PostSharp.Cli", "PostSharp.Cli\PostSharp.Cli.csproj", "{6A7A96ED-555C-4DF4-9C36-7F15E5902D6F}"
EndProject
Project("{9A19103F-16F7-4668-BE54-9A1E7A4F7556}") = "PostSharp.Backstage.Testing", "PostSharp.Backstage.Testing\PostSharp.Backstage.Testing.csproj", "{5739D794-BB03-44C9-A3F6-D76A87030653}"
EndProject
Project("{9A19103F-16F7-4668-BE54-9A1E7A4F7556}") = "PostSharp.Cli.Tests", "PostSharp.Cli.Tests\PostSharp.Cli.Tests.csproj", "{090C166D-DD43-45DE-BC85-5BF68F15E818}"
EndProject
Project("{D954291E-2A0B-460D-934E-DC6B0785DB48}") = "PostSharp.Backstage.MicrosoftLogging", "PostSharp.Backstage.MicrosoftLogging\PostSharp.Backstage.MicrosoftLogging.shproj", "{5D3DD7E9-74CA-4192-9E62-5F3044460B54}"
EndProject
Global
	GlobalSection(SharedMSBuildProjectFiles) = preSolution
		PostSharp.Backstage.MicrosoftLogging\PostSharp.Backstage.MicrosoftLogging.projitems*{5739d794-bb03-44c9-a3f6-d76a87030653}*SharedItemsImports = 5
		PostSharp.Backstage.MicrosoftLogging\PostSharp.Backstage.MicrosoftLogging.projitems*{5d3dd7e9-74ca-4192-9e62-5f3044460b54}*SharedItemsImports = 13
		PostSharp.Backstage.MicrosoftLogging\PostSharp.Backstage.MicrosoftLogging.projitems*{6a7a96ed-555c-4df4-9c36-7f15e5902d6f}*SharedItemsImports = 5
	EndGlobalSection
	GlobalSection(SolutionConfigurationPlatforms) = preSolution
		Debug|Any CPU = Debug|Any CPU
		Release|Any CPU = Release|Any CPU
	EndGlobalSection
	GlobalSection(ProjectConfigurationPlatforms) = postSolution
		{B49FF95D-E828-4A93-85F7-AFCAF30A5588}.Debug|Any CPU.ActiveCfg = Debug|Any CPU
		{B49FF95D-E828-4A93-85F7-AFCAF30A5588}.Debug|Any CPU.Build.0 = Debug|Any CPU
		{B49FF95D-E828-4A93-85F7-AFCAF30A5588}.Release|Any CPU.ActiveCfg = Release|Any CPU
		{B49FF95D-E828-4A93-85F7-AFCAF30A5588}.Release|Any CPU.Build.0 = Release|Any CPU
		{BFCF5B9E-7F97-4D8B-8905-5EC6E1205F35}.Debug|Any CPU.ActiveCfg = Debug|Any CPU
		{BFCF5B9E-7F97-4D8B-8905-5EC6E1205F35}.Debug|Any CPU.Build.0 = Debug|Any CPU
		{BFCF5B9E-7F97-4D8B-8905-5EC6E1205F35}.Release|Any CPU.ActiveCfg = Release|Any CPU
		{BFCF5B9E-7F97-4D8B-8905-5EC6E1205F35}.Release|Any CPU.Build.0 = Release|Any CPU
		{6A7A96ED-555C-4DF4-9C36-7F15E5902D6F}.Debug|Any CPU.ActiveCfg = Debug|Any CPU
		{6A7A96ED-555C-4DF4-9C36-7F15E5902D6F}.Debug|Any CPU.Build.0 = Debug|Any CPU
		{6A7A96ED-555C-4DF4-9C36-7F15E5902D6F}.Release|Any CPU.ActiveCfg = Release|Any CPU
		{6A7A96ED-555C-4DF4-9C36-7F15E5902D6F}.Release|Any CPU.Build.0 = Release|Any CPU
		{5739D794-BB03-44C9-A3F6-D76A87030653}.Debug|Any CPU.ActiveCfg = Debug|Any CPU
		{5739D794-BB03-44C9-A3F6-D76A87030653}.Debug|Any CPU.Build.0 = Debug|Any CPU
		{5739D794-BB03-44C9-A3F6-D76A87030653}.Release|Any CPU.ActiveCfg = Release|Any CPU
		{5739D794-BB03-44C9-A3F6-D76A87030653}.Release|Any CPU.Build.0 = Release|Any CPU
		{090C166D-DD43-45DE-BC85-5BF68F15E818}.Debug|Any CPU.ActiveCfg = Debug|Any CPU
		{090C166D-DD43-45DE-BC85-5BF68F15E818}.Debug|Any CPU.Build.0 = Debug|Any CPU
		{090C166D-DD43-45DE-BC85-5BF68F15E818}.Release|Any CPU.ActiveCfg = Release|Any CPU
		{090C166D-DD43-45DE-BC85-5BF68F15E818}.Release|Any CPU.Build.0 = Release|Any CPU
	EndGlobalSection
	GlobalSection(SolutionProperties) = preSolution
		HideSolutionNode = FALSE
	EndGlobalSection
	GlobalSection(ExtensibilityGlobals) = postSolution
		SolutionGuid = {8AA8827C-CABA-4539-ABED-306BD5240FE1}
	EndGlobalSection
EndGlobal
