
Microsoft Visual Studio Solution File, Format Version 12.00
# Visual Studio Version 17
VisualStudioVersion = 17.0.31912.275
MinimumVisualStudioVersion = 10.0.40219.1
Project("{9A19103F-16F7-4668-BE54-9A1E7A4F7556}") = "BuildPostSharpBackstageSettings", "BuildPostSharpBackstageSettings.csproj", "{2CCACCBE-BEC0-49D7-A33E-CDCCA042831F}"
EndProject
Global
	GlobalSection(SolutionConfigurationPlatforms) = preSolution
		Debug|Any CPU = Debug|Any CPU
		Release|Any CPU = Release|Any CPU
	EndGlobalSection
	GlobalSection(ProjectConfigurationPlatforms) = postSolution
		{2CCACCBE-BEC0-49D7-A33E-CDCCA042831F}.Debug|Any CPU.ActiveCfg = Debug|Any CPU
		{2CCACCBE-BEC0-49D7-A33E-CDCCA042831F}.Debug|Any CPU.Build.0 = Debug|Any CPU
		{2CCACCBE-BEC0-49D7-A33E-CDCCA042831F}.Release|Any CPU.ActiveCfg = Release|Any CPU
		{2CCACCBE-BEC0-49D7-A33E-CDCCA042831F}.Release|Any CPU.Build.0 = Release|Any CPU
	EndGlobalSection
	GlobalSection(SolutionProperties) = preSolution
		HideSolutionNode = FALSE
	EndGlobalSection
	GlobalSection(ExtensibilityGlobals) = postSolution
		SolutionGuid = {2B05385A-F650-45AE-8708-4F6AC70FE030}
	EndGlobalSection
EndGlobal
